
Microsoft Visual Studio Solution File, Format Version 12.00
# Visual Studio Version 16
VisualStudioVersion = 16.0.29403.142
MinimumVisualStudioVersion = 10.0.40219.1
Project("{9A19103F-16F7-4668-BE54-9A1E7A4F7556}") = "WebAPI", "WebAPI\WebAPI.csproj", "{DE46C1A1-3F6D-4C68-8650-4853A16DA61B}"
EndProject
Project("{9A19103F-16F7-4668-BE54-9A1E7A4F7556}") = "Blue.DAL", "Blue.DAL\Blue.DAL.csproj", "{D8913919-63D7-4866-AD69-492E768D86F6}"
EndProject
Project("{FAE04EC0-301F-11D3-BF4B-00C04F79EFBC}") = "Blue.Test", "..\Blue.Test\Blue.Test.csproj", "{50129E38-F2FA-4802-B248-F50A627F01EF}"
EndProject
Global
	GlobalSection(SolutionConfigurationPlatforms) = preSolution
		Debug|Any CPU = Debug|Any CPU
		Release|Any CPU = Release|Any CPU
	EndGlobalSection
	GlobalSection(ProjectConfigurationPlatforms) = postSolution
		{DE46C1A1-3F6D-4C68-8650-4853A16DA61B}.Debug|Any CPU.ActiveCfg = Debug|Any CPU
		{DE46C1A1-3F6D-4C68-8650-4853A16DA61B}.Debug|Any CPU.Build.0 = Debug|Any CPU
		{DE46C1A1-3F6D-4C68-8650-4853A16DA61B}.Release|Any CPU.ActiveCfg = Release|Any CPU
		{DE46C1A1-3F6D-4C68-8650-4853A16DA61B}.Release|Any CPU.Build.0 = Release|Any CPU
		{D8913919-63D7-4866-AD69-492E768D86F6}.Debug|Any CPU.ActiveCfg = Debug|Any CPU
		{D8913919-63D7-4866-AD69-492E768D86F6}.Debug|Any CPU.Build.0 = Debug|Any CPU
		{D8913919-63D7-4866-AD69-492E768D86F6}.Release|Any CPU.ActiveCfg = Release|Any CPU
		{D8913919-63D7-4866-AD69-492E768D86F6}.Release|Any CPU.Build.0 = Release|Any CPU
		{50129E38-F2FA-4802-B248-F50A627F01EF}.Debug|Any CPU.ActiveCfg = Debug|Any CPU
		{50129E38-F2FA-4802-B248-F50A627F01EF}.Debug|Any CPU.Build.0 = Debug|Any CPU
		{50129E38-F2FA-4802-B248-F50A627F01EF}.Release|Any CPU.ActiveCfg = Release|Any CPU
		{50129E38-F2FA-4802-B248-F50A627F01EF}.Release|Any CPU.Build.0 = Release|Any CPU
	EndGlobalSection
	GlobalSection(SolutionProperties) = preSolution
		HideSolutionNode = FALSE
	EndGlobalSection
	GlobalSection(ExtensibilityGlobals) = postSolution
		SolutionGuid = {4C661BFB-C516-4D4E-AD62-5A4382268A42}
	EndGlobalSection
EndGlobal
